
Microsoft Visual Studio Solution File, Format Version 12.00
# Visual Studio Version 17
VisualStudioVersion = 17.8.34408.163
MinimumVisualStudioVersion = 10.0.40219.1
Project("{FAE04EC0-301F-11D3-BF4B-00C04F79EFBC}") = "PassChecker", "PassChecker\PassChecker.csproj", "{5FB229F3-9625-427D-A28A-D6552102592B}"
EndProject
Global
	GlobalSection(SolutionConfigurationPlatforms) = preSolution
		Debug|Any CPU = Debug|Any CPU
		Release|Any CPU = Release|Any CPU
	EndGlobalSection
	GlobalSection(ProjectConfigurationPlatforms) = postSolution
		{5FB229F3-9625-427D-A28A-D6552102592B}.Debug|Any CPU.ActiveCfg = Debug|Any CPU
		{5FB229F3-9625-427D-A28A-D6552102592B}.Debug|Any CPU.Build.0 = Debug|Any CPU
		{5FB229F3-9625-427D-A28A-D6552102592B}.Release|Any CPU.ActiveCfg = Release|Any CPU
		{5FB229F3-9625-427D-A28A-D6552102592B}.Release|Any CPU.Build.0 = Release|Any CPU
	EndGlobalSection
	GlobalSection(SolutionProperties) = preSolution
		HideSolutionNode = FALSE
	EndGlobalSection
	GlobalSection(ExtensibilityGlobals) = postSolution
		SolutionGuid = {DBE0CE0B-5521-47AE-AE02-B9849D726A5B}
	EndGlobalSection
EndGlobal
